
Microsoft Visual Studio Solution File, Format Version 12.00
# Visual Studio Version 16
VisualStudioVersion = 16.0.31005.135
MinimumVisualStudioVersion = 10.0.40219.1
Project("{FAE04EC0-301F-11D3-BF4B-00C04F79EFBC}") = "Ejercicio5", "Ejercicio5\Ejercicio5.csproj", "{EEAA1CA0-B150-43CD-AEA2-C662E94D8CD8}"
EndProject
Global
	GlobalSection(SolutionConfigurationPlatforms) = preSolution
		Debug|Any CPU = Debug|Any CPU
		Release|Any CPU = Release|Any CPU
	EndGlobalSection
	GlobalSection(ProjectConfigurationPlatforms) = postSolution
		{EEAA1CA0-B150-43CD-AEA2-C662E94D8CD8}.Debug|Any CPU.ActiveCfg = Debug|Any CPU
		{EEAA1CA0-B150-43CD-AEA2-C662E94D8CD8}.Debug|Any CPU.Build.0 = Debug|Any CPU
		{EEAA1CA0-B150-43CD-AEA2-C662E94D8CD8}.Release|Any CPU.ActiveCfg = Release|Any CPU
		{EEAA1CA0-B150-43CD-AEA2-C662E94D8CD8}.Release|Any CPU.Build.0 = Release|Any CPU
	EndGlobalSection
	GlobalSection(SolutionProperties) = preSolution
		HideSolutionNode = FALSE
	EndGlobalSection
	GlobalSection(ExtensibilityGlobals) = postSolution
		SolutionGuid = {0054A7C3-314D-4D5E-80B4-72C9B411DC7A}
	EndGlobalSection
EndGlobal
