
Microsoft Visual Studio Solution File, Format Version 12.00
# Visual Studio Version 16
VisualStudioVersion = 16.0.31005.135
MinimumVisualStudioVersion = 10.0.40219.1
Project("{FAE04EC0-301F-11D3-BF4B-00C04F79EFBC}") = "Ejercicio1", "Ejercicio1\Ejercicio1.csproj", "{1AA4B59D-14BA-450C-8AF8-0A6958ECF1D0}"
EndProject
Global
	GlobalSection(SolutionConfigurationPlatforms) = preSolution
		Debug|Any CPU = Debug|Any CPU
		Release|Any CPU = Release|Any CPU
	EndGlobalSection
	GlobalSection(ProjectConfigurationPlatforms) = postSolution
		{1AA4B59D-14BA-450C-8AF8-0A6958ECF1D0}.Debug|Any CPU.ActiveCfg = Debug|Any CPU
		{1AA4B59D-14BA-450C-8AF8-0A6958ECF1D0}.Debug|Any CPU.Build.0 = Debug|Any CPU
		{1AA4B59D-14BA-450C-8AF8-0A6958ECF1D0}.Release|Any CPU.ActiveCfg = Release|Any CPU
		{1AA4B59D-14BA-450C-8AF8-0A6958ECF1D0}.Release|Any CPU.Build.0 = Release|Any CPU
	EndGlobalSection
	GlobalSection(SolutionProperties) = preSolution
		HideSolutionNode = FALSE
	EndGlobalSection
	GlobalSection(ExtensibilityGlobals) = postSolution
		SolutionGuid = {DB355E07-FDC6-41F7-B8D7-630F3152C331}
	EndGlobalSection
EndGlobal
