
Microsoft Visual Studio Solution File, Format Version 12.00
# Visual Studio Version 16
VisualStudioVersion = 16.0.31005.135
MinimumVisualStudioVersion = 10.0.40219.1
Project("{FAE04EC0-301F-11D3-BF4B-00C04F79EFBC}") = "guiaSemana5", "guiaSemana5\guiaSemana5.csproj", "{9CA50A25-C9A0-4D70-97FB-42982008B64A}"
EndProject
Global
	GlobalSection(SolutionConfigurationPlatforms) = preSolution
		Debug|Any CPU = Debug|Any CPU
		Release|Any CPU = Release|Any CPU
	EndGlobalSection
	GlobalSection(ProjectConfigurationPlatforms) = postSolution
		{9CA50A25-C9A0-4D70-97FB-42982008B64A}.Debug|Any CPU.ActiveCfg = Debug|Any CPU
		{9CA50A25-C9A0-4D70-97FB-42982008B64A}.Debug|Any CPU.Build.0 = Debug|Any CPU
		{9CA50A25-C9A0-4D70-97FB-42982008B64A}.Release|Any CPU.ActiveCfg = Release|Any CPU
		{9CA50A25-C9A0-4D70-97FB-42982008B64A}.Release|Any CPU.Build.0 = Release|Any CPU
	EndGlobalSection
	GlobalSection(SolutionProperties) = preSolution
		HideSolutionNode = FALSE
	EndGlobalSection
	GlobalSection(ExtensibilityGlobals) = postSolution
		SolutionGuid = {5E503CF9-7F93-4EA4-B629-43CE3639B27D}
	EndGlobalSection
EndGlobal
