
Microsoft Visual Studio Solution File, Format Version 12.00
# Visual Studio 15
VisualStudioVersion = 15.0.28307.1340
MinimumVisualStudioVersion = 10.0.40219.1
Project("{FAE04EC0-301F-11D3-BF4B-00C04F79EFBC}") = "empleoEjercicio1", "empleoEjercicio1\empleoEjercicio1.csproj", "{1FF55530-B511-4B60-B647-F914F7D19106}"
EndProject
Global
	GlobalSection(SolutionConfigurationPlatforms) = preSolution
		Debug|Any CPU = Debug|Any CPU
		Release|Any CPU = Release|Any CPU
	EndGlobalSection
	GlobalSection(ProjectConfigurationPlatforms) = postSolution
		{1FF55530-B511-4B60-B647-F914F7D19106}.Debug|Any CPU.ActiveCfg = Debug|Any CPU
		{1FF55530-B511-4B60-B647-F914F7D19106}.Debug|Any CPU.Build.0 = Debug|Any CPU
		{1FF55530-B511-4B60-B647-F914F7D19106}.Release|Any CPU.ActiveCfg = Release|Any CPU
		{1FF55530-B511-4B60-B647-F914F7D19106}.Release|Any CPU.Build.0 = Release|Any CPU
	EndGlobalSection
	GlobalSection(SolutionProperties) = preSolution
		HideSolutionNode = FALSE
	EndGlobalSection
	GlobalSection(ExtensibilityGlobals) = postSolution
		SolutionGuid = {CDFF10EC-DED5-40B1-B7FA-D680AC077911}
	EndGlobalSection
EndGlobal
